
Microsoft Visual Studio Solution File, Format Version 12.00
# Visual Studio 14
VisualStudioVersion = 14.0.23107.0
MinimumVisualStudioVersion = 10.0.40219.1
Project("{FAE04EC0-301F-11D3-BF4B-00C04F79EFBC}") = "ShowPinValues", "ShowPinValues\ShowPinValues.csproj", "{F209B85B-E2D1-4C82-BC2C-2D30BB2560B5}"
EndProject
Project("{FAE04EC0-301F-11D3-BF4B-00C04F79EFBC}") = "PiGpio", "..\PiGpio\PiGpio.csproj", "{02048EC6-5BF0-4D61-BE65-8918EBA42BD0}"
EndProject
Project("{FAE04EC0-301F-11D3-BF4B-00C04F79EFBC}") = "ShowPinValuesUi", "..\ShowPinValuesUi\ShowPinValuesUi.csproj", "{A2E5ABD5-6F8D-4472-9C76-C9353C6C0EA1}"
EndProject
Global
	GlobalSection(SolutionConfigurationPlatforms) = preSolution
		Debug|Any CPU = Debug|Any CPU
		Debug|ARM = Debug|ARM
		Debug|x64 = Debug|x64
		Debug|x86 = Debug|x86
		Release|Any CPU = Release|Any CPU
		Release|ARM = Release|ARM
		Release|x64 = Release|x64
		Release|x86 = Release|x86
	EndGlobalSection
	GlobalSection(ProjectConfigurationPlatforms) = postSolution
		{F209B85B-E2D1-4C82-BC2C-2D30BB2560B5}.Debug|Any CPU.ActiveCfg = Debug|x86
		{F209B85B-E2D1-4C82-BC2C-2D30BB2560B5}.Debug|ARM.ActiveCfg = Debug|ARM
		{F209B85B-E2D1-4C82-BC2C-2D30BB2560B5}.Debug|ARM.Build.0 = Debug|ARM
		{F209B85B-E2D1-4C82-BC2C-2D30BB2560B5}.Debug|ARM.Deploy.0 = Debug|ARM
		{F209B85B-E2D1-4C82-BC2C-2D30BB2560B5}.Debug|x64.ActiveCfg = Debug|x64
		{F209B85B-E2D1-4C82-BC2C-2D30BB2560B5}.Debug|x64.Build.0 = Debug|x64
		{F209B85B-E2D1-4C82-BC2C-2D30BB2560B5}.Debug|x64.Deploy.0 = Debug|x64
		{F209B85B-E2D1-4C82-BC2C-2D30BB2560B5}.Debug|x86.ActiveCfg = Debug|x86
		{F209B85B-E2D1-4C82-BC2C-2D30BB2560B5}.Debug|x86.Build.0 = Debug|x86
		{F209B85B-E2D1-4C82-BC2C-2D30BB2560B5}.Debug|x86.Deploy.0 = Debug|x86
		{F209B85B-E2D1-4C82-BC2C-2D30BB2560B5}.Release|Any CPU.ActiveCfg = Release|x86
		{F209B85B-E2D1-4C82-BC2C-2D30BB2560B5}.Release|ARM.ActiveCfg = Release|ARM
		{F209B85B-E2D1-4C82-BC2C-2D30BB2560B5}.Release|ARM.Build.0 = Release|ARM
		{F209B85B-E2D1-4C82-BC2C-2D30BB2560B5}.Release|ARM.Deploy.0 = Release|ARM
		{F209B85B-E2D1-4C82-BC2C-2D30BB2560B5}.Release|x64.ActiveCfg = Release|x64
		{F209B85B-E2D1-4C82-BC2C-2D30BB2560B5}.Release|x64.Build.0 = Release|x64
		{F209B85B-E2D1-4C82-BC2C-2D30BB2560B5}.Release|x64.Deploy.0 = Release|x64
		{F209B85B-E2D1-4C82-BC2C-2D30BB2560B5}.Release|x86.ActiveCfg = Release|x86
		{F209B85B-E2D1-4C82-BC2C-2D30BB2560B5}.Release|x86.Build.0 = Release|x86
		{F209B85B-E2D1-4C82-BC2C-2D30BB2560B5}.Release|x86.Deploy.0 = Release|x86
		{02048EC6-5BF0-4D61-BE65-8918EBA42BD0}.Debug|Any CPU.ActiveCfg = Debug|Any CPU
		{02048EC6-5BF0-4D61-BE65-8918EBA42BD0}.Debug|Any CPU.Build.0 = Debug|Any CPU
		{02048EC6-5BF0-4D61-BE65-8918EBA42BD0}.Debug|ARM.ActiveCfg = Debug|ARM
		{02048EC6-5BF0-4D61-BE65-8918EBA42BD0}.Debug|ARM.Build.0 = Debug|ARM
		{02048EC6-5BF0-4D61-BE65-8918EBA42BD0}.Debug|x64.ActiveCfg = Debug|x64
		{02048EC6-5BF0-4D61-BE65-8918EBA42BD0}.Debug|x64.Build.0 = Debug|x64
		{02048EC6-5BF0-4D61-BE65-8918EBA42BD0}.Debug|x86.ActiveCfg = Debug|x86
		{02048EC6-5BF0-4D61-BE65-8918EBA42BD0}.Debug|x86.Build.0 = Debug|x86
		{02048EC6-5BF0-4D61-BE65-8918EBA42BD0}.Release|Any CPU.ActiveCfg = Release|Any CPU
		{02048EC6-5BF0-4D61-BE65-8918EBA42BD0}.Release|Any CPU.Build.0 = Release|Any CPU
		{02048EC6-5BF0-4D61-BE65-8918EBA42BD0}.Release|ARM.ActiveCfg = Release|ARM
		{02048EC6-5BF0-4D61-BE65-8918EBA42BD0}.Release|ARM.Build.0 = Release|ARM
		{02048EC6-5BF0-4D61-BE65-8918EBA42BD0}.Release|x64.ActiveCfg = Release|x64
		{02048EC6-5BF0-4D61-BE65-8918EBA42BD0}.Release|x64.Build.0 = Release|x64
		{02048EC6-5BF0-4D61-BE65-8918EBA42BD0}.Release|x86.ActiveCfg = Release|x86
		{02048EC6-5BF0-4D61-BE65-8918EBA42BD0}.Release|x86.Build.0 = Release|x86
		{A2E5ABD5-6F8D-4472-9C76-C9353C6C0EA1}.Debug|Any CPU.ActiveCfg = Debug|x86
		{A2E5ABD5-6F8D-4472-9C76-C9353C6C0EA1}.Debug|ARM.ActiveCfg = Debug|ARM
		{A2E5ABD5-6F8D-4472-9C76-C9353C6C0EA1}.Debug|ARM.Build.0 = Debug|ARM
		{A2E5ABD5-6F8D-4472-9C76-C9353C6C0EA1}.Debug|ARM.Deploy.0 = Debug|ARM
		{A2E5ABD5-6F8D-4472-9C76-C9353C6C0EA1}.Debug|x64.ActiveCfg = Debug|x64
		{A2E5ABD5-6F8D-4472-9C76-C9353C6C0EA1}.Debug|x64.Build.0 = Debug|x64
		{A2E5ABD5-6F8D-4472-9C76-C9353C6C0EA1}.Debug|x64.Deploy.0 = Debug|x64
		{A2E5ABD5-6F8D-4472-9C76-C9353C6C0EA1}.Debug|x86.ActiveCfg = Debug|x86
		{A2E5ABD5-6F8D-4472-9C76-C9353C6C0EA1}.Debug|x86.Build.0 = Debug|x86
		{A2E5ABD5-6F8D-4472-9C76-C9353C6C0EA1}.Debug|x86.Deploy.0 = Debug|x86
		{A2E5ABD5-6F8D-4472-9C76-C9353C6C0EA1}.Release|Any CPU.ActiveCfg = Release|x86
		{A2E5ABD5-6F8D-4472-9C76-C9353C6C0EA1}.Release|ARM.ActiveCfg = Release|ARM
		{A2E5ABD5-6F8D-4472-9C76-C9353C6C0EA1}.Release|ARM.Build.0 = Release|ARM
		{A2E5ABD5-6F8D-4472-9C76-C9353C6C0EA1}.Release|ARM.Deploy.0 = Release|ARM
		{A2E5ABD5-6F8D-4472-9C76-C9353C6C0EA1}.Release|x64.ActiveCfg = Release|x64
		{A2E5ABD5-6F8D-4472-9C76-C9353C6C0EA1}.Release|x64.Build.0 = Release|x64
		{A2E5ABD5-6F8D-4472-9C76-C9353C6C0EA1}.Release|x64.Deploy.0 = Release|x64
		{A2E5ABD5-6F8D-4472-9C76-C9353C6C0EA1}.Release|x86.ActiveCfg = Release|x86
		{A2E5ABD5-6F8D-4472-9C76-C9353C6C0EA1}.Release|x86.Build.0 = Release|x86
		{A2E5ABD5-6F8D-4472-9C76-C9353C6C0EA1}.Release|x86.Deploy.0 = Release|x86
	EndGlobalSection
	GlobalSection(SolutionProperties) = preSolution
		HideSolutionNode = FALSE
	EndGlobalSection
EndGlobal
